
Microsoft Visual Studio Solution File, Format Version 12.00
# Visual Studio 15
VisualStudioVersion = 15.0.27130.2036
MinimumVisualStudioVersion = 10.0.40219.1
Project("{9A19103F-16F7-4668-BE54-9A1E7A4F7556}") = "Bitly", "Bitly\Bitly.csproj", "{EA1611BF-6D08-4350-AA03-516D0759FF4F}"
EndProject
Project("{FAE04EC0-301F-11D3-BF4B-00C04F79EFBC}") = "BitlyTests", "BitlyTests\BitlyTests.csproj", "{9C09F580-F88F-4820-87D7-73D23F3E871B}"
EndProject
Global
	GlobalSection(SolutionConfigurationPlatforms) = preSolution
		Debug|Any CPU = Debug|Any CPU
		Release|Any CPU = Release|Any CPU
	EndGlobalSection
	GlobalSection(ProjectConfigurationPlatforms) = postSolution
		{EA1611BF-6D08-4350-AA03-516D0759FF4F}.Debug|Any CPU.ActiveCfg = Debug|Any CPU
		{EA1611BF-6D08-4350-AA03-516D0759FF4F}.Debug|Any CPU.Build.0 = Debug|Any CPU
		{EA1611BF-6D08-4350-AA03-516D0759FF4F}.Release|Any CPU.ActiveCfg = Release|Any CPU
		{EA1611BF-6D08-4350-AA03-516D0759FF4F}.Release|Any CPU.Build.0 = Release|Any CPU
		{9C09F580-F88F-4820-87D7-73D23F3E871B}.Debug|Any CPU.ActiveCfg = Debug|Any CPU
		{9C09F580-F88F-4820-87D7-73D23F3E871B}.Debug|Any CPU.Build.0 = Debug|Any CPU
		{9C09F580-F88F-4820-87D7-73D23F3E871B}.Release|Any CPU.ActiveCfg = Release|Any CPU
		{9C09F580-F88F-4820-87D7-73D23F3E871B}.Release|Any CPU.Build.0 = Release|Any CPU
	EndGlobalSection
	GlobalSection(SolutionProperties) = preSolution
		HideSolutionNode = FALSE
	EndGlobalSection
	GlobalSection(ExtensibilityGlobals) = postSolution
		SolutionGuid = {89CF234E-45C7-41F1-997A-DBEEB2426676}
	EndGlobalSection
EndGlobal
